// !$*UTF8*$!
{
	archiveVersion = 1;
	classes = {
	};
	objectVersion = 77;
	objects = {

/* Begin PBXBuildFile section */
		13AFFB028ED0F260950C1411 /* ShortsRecipeRepairProofPanel.swift in Sources */ = {isa = PBXBuildFile; fileRef = 3315ACD42976DE388399833D /* ShortsRecipeRepairProofPanel.swift */; };
		150103483E1B28D556776A44 /* AgentServer.swift in Sources */ = {isa = PBXBuildFile; fileRef = 1A26C85B53E7F56A319EB618 /* AgentServer.swift */; };
		2019552FF64725B1D459CA80 /* AudioRoomCommandRouter.swift in Sources */ = {isa = PBXBuildFile; fileRef = 76EBABDDD4253CD4CC3535F7 /* AudioRoomCommandRouter.swift */; };
		20A2D594BBBBEC7CFAD0CC63 /* SourceAwareAudioWorkbenchPanel.swift in Sources */ = {isa = PBXBuildFile; fileRef = 9579A4F5DF5D9EA12BFB67DF /* SourceAwareAudioWorkbenchPanel.swift */; };
		2ACB80CA311E3D0E863029B8 /* WorkspaceView.swift in Sources */ = {isa = PBXBuildFile; fileRef = D3F4B056B7835E61AB2A8BBB /* WorkspaceView.swift */; };
		2DE22552745CFCCFBE730E10 /* LiveKit in Frameworks */ = {isa = PBXBuildFile; productRef = DDA39FABAA474D725D779E30 /* LiveKit */; };
		2EC6E74686F72FC44DBBF199 /* QuipslyVideoCore in Frameworks */ = {isa = PBXBuildFile; productRef = 82FC6A3071DA78D17DE1ABE9 /* QuipslyVideoCore */; };
		2F41D9F270FD16EBABBAA2BB /* AudioRoomCommandRouter.swift in Sources */ = {isa = PBXBuildFile; fileRef = 76EBABDDD4253CD4CC3535F7 /* AudioRoomCommandRouter.swift */; };
		32A762DF02FD8F0A4317F8C0 /* ShortsTranscriptConfidencePanel.swift in Sources */ = {isa = PBXBuildFile; fileRef = C133C1F743D90A328814DCAD /* ShortsTranscriptConfidencePanel.swift */; };
		37FBF8A65EDC8E0F31D2E9A0 /* TimelineEditorView.swift in Sources */ = {isa = PBXBuildFile; fileRef = 39245425D6374B5E32BFC281 /* TimelineEditorView.swift */; };
		3D6266363D9824F232079003 /* SourceAwareAudioWorkbenchPanel.swift in Sources */ = {isa = PBXBuildFile; fileRef = 9579A4F5DF5D9EA12BFB67DF /* SourceAwareAudioWorkbenchPanel.swift */; };
		3DE00817AE3CD53AF1EF5BD5 /* WaveformView.swift in Sources */ = {isa = PBXBuildFile; fileRef = B2FBFFB0A63C5C2C402A1D59 /* WaveformView.swift */; };
		3E7A257B3B98B51EA06E6638 /* InspectorSidebarView.swift in Sources */ = {isa = PBXBuildFile; fileRef = B58E53B06D44AC3CA4E0338F /* InspectorSidebarView.swift */; };
		44C9485B3342C8629EA61576 /* ShortsRecipeRepairProofPanel.swift in Sources */ = {isa = PBXBuildFile; fileRef = 3315ACD42976DE388399833D /* ShortsRecipeRepairProofPanel.swift */; };
		45218FE4E79377301B9D069F /* ShortsReviewBriefPanel.swift in Sources */ = {isa = PBXBuildFile; fileRef = FB43B2DABEA30F30FCB92FBF /* ShortsReviewBriefPanel.swift */; };
		46FDB464AEEFD6D987EE0FD3 /* RightSidebarView.swift in Sources */ = {isa = PBXBuildFile; fileRef = 424FC79127149FCAD010AAAE /* RightSidebarView.swift */; };
		5017CEF4F2B29AE676DC557F /* ExternalMediaAccess.swift in Sources */ = {isa = PBXBuildFile; fileRef = 9A460FF7FBCC077EA753487B /* ExternalMediaAccess.swift */; };
		57474812238A64135269AFB5 /* NativeTransportControls.swift in Sources */ = {isa = PBXBuildFile; fileRef = 5ADCF44A870C4546F2BDF83D /* NativeTransportControls.swift */; };
		580B69FFE4E356A63F3A7051 /* TimelineEditorView.swift in Sources */ = {isa = PBXBuildFile; fileRef = 39245425D6374B5E32BFC281 /* TimelineEditorView.swift */; };
		5C0D3233F037AAB54E120B15 /* QuipslyNativeAccount.swift in Sources */ = {isa = PBXBuildFile; fileRef = C6DB451F15CEDA1D550460AD /* QuipslyNativeAccount.swift */; };
		60E095898C3519A9223E6C0F /* AudioDetailAnalysis.swift in Sources */ = {isa = PBXBuildFile; fileRef = D31732569DB6E494F1F66872 /* AudioDetailAnalysis.swift */; };
		697410343FE5BB9BCC5AB84C /* ProfessionalDecisionTimelineView.swift in Sources */ = {isa = PBXBuildFile; fileRef = BAFCF579A967784847F72C5E /* ProfessionalDecisionTimelineView.swift */; };
		79DDF6787B938B8CFF7A41A6 /* FirebaseAuth in Frameworks */ = {isa = PBXBuildFile; productRef = 19CB3C3C1BA8DA49B6467712 /* FirebaseAuth */; };
		82E400A3ED5C0DB696513B8B /* QuipslyNativeAccount.swift in Sources */ = {isa = PBXBuildFile; fileRef = C6DB451F15CEDA1D550460AD /* QuipslyNativeAccount.swift */; };
		8672145C65A54107AE1FCED7 /* ShortCreatorQuality.swift in Sources */ = {isa = PBXBuildFile; fileRef = 21F41F4FA2319A5D7495CF0C /* ShortCreatorQuality.swift */; };
		8C0D12FB4B3F44C3DF18F2BB /* ExternalMediaAccess.swift in Sources */ = {isa = PBXBuildFile; fileRef = 9A460FF7FBCC077EA753487B /* ExternalMediaAccess.swift */; };
		9022C305E11566F3BBCDCC9E /* ShortsTranscriptConfidencePanel.swift in Sources */ = {isa = PBXBuildFile; fileRef = C133C1F743D90A328814DCAD /* ShortsTranscriptConfidencePanel.swift */; };
		960EF1446E78CE596A305533 /* ShortsRefinementQueuePanel.swift in Sources */ = {isa = PBXBuildFile; fileRef = 6CFC18BAF1EAC8031F92AA69 /* ShortsRefinementQueuePanel.swift */; };
		9C8436F8FFA187064C699F73 /* ShortsReviewBriefPanel.swift in Sources */ = {isa = PBXBuildFile; fileRef = FB43B2DABEA30F30FCB92FBF /* ShortsReviewBriefPanel.swift */; };
		9DF4F9D27ED4B81ECDAAF57B /* WaveformView.swift in Sources */ = {isa = PBXBuildFile; fileRef = B2FBFFB0A63C5C2C402A1D59 /* WaveformView.swift */; };
		A05CBA3EE6AEF91FF5A9A6FC /* FirebaseVertexAI in Frameworks */ = {isa = PBXBuildFile; productRef = 06726C116455D611844E7EA6 /* FirebaseVertexAI */; };
		B0B8A3A87191FF6BFDBA519A /* MacAudioRoomController.swift in Sources */ = {isa = PBXBuildFile; fileRef = 1DA9847F6A86C52079F4C9F1 /* MacAudioRoomController.swift */; };
		B1ADD30CA80428D8E1800D93 /* InspectorSidebarView.swift in Sources */ = {isa = PBXBuildFile; fileRef = B58E53B06D44AC3CA4E0338F /* InspectorSidebarView.swift */; };
		B7AA63B0A029E59FDFC0460A /* FirebaseFirestore in Frameworks */ = {isa = PBXBuildFile; productRef = C763722EE9E903C33A75FD6E /* FirebaseFirestore */; };
		BB83C5C675E2F786C5B650BF /* EpisodeCaptureSetupView.swift in Sources */ = {isa = PBXBuildFile; fileRef = 511429179AF61AC9018DB385 /* EpisodeCaptureSetupView.swift */; };
		BCEBABA86C6286052246204F /* Episode4CutIntelligenceBoardView.swift in Sources */ = {isa = PBXBuildFile; fileRef = 17A0747BA3E8F7658062A88E /* Episode4CutIntelligenceBoardView.swift */; };
		C0C7429F0AF550FBDA4C9309 /* ShortCreatorQuality.swift in Sources */ = {isa = PBXBuildFile; fileRef = 21F41F4FA2319A5D7495CF0C /* ShortCreatorQuality.swift */; };
		C2AA9B2D7199669BD60CB271 /* NativeTransportControls.swift in Sources */ = {isa = PBXBuildFile; fileRef = 5ADCF44A870C4546F2BDF83D /* NativeTransportControls.swift */; };
		C3A5B6D5E9694674D8D7613E /* Episode4CutIntelligenceBoardView.swift in Sources */ = {isa = PBXBuildFile; fileRef = 17A0747BA3E8F7658062A88E /* Episode4CutIntelligenceBoardView.swift */; };
		CA02A5E593D8D0DFDCF95226 /* RightSidebarView.swift in Sources */ = {isa = PBXBuildFile; fileRef = 424FC79127149FCAD010AAAE /* RightSidebarView.swift */; };
		CF078A8FE82B03F059F8E163 /* QuipslyiOSApp.swift in Sources */ = {isa = PBXBuildFile; fileRef = 85155FDE1F47C53C01D2DCEC /* QuipslyiOSApp.swift */; };
		D50913AD2A67213F6A589BFF /* AudioDetailAnalysis.swift in Sources */ = {isa = PBXBuildFile; fileRef = D31732569DB6E494F1F66872 /* AudioDetailAnalysis.swift */; };
		D8CDB44DC5BA78C7AF91D5C2 /* ShortsRefinementQueuePanel.swift in Sources */ = {isa = PBXBuildFile; fileRef = 6CFC18BAF1EAC8031F92AA69 /* ShortsRefinementQueuePanel.swift */; };
		E06430020ADD65C910243626 /* WorkspaceView.swift in Sources */ = {isa = PBXBuildFile; fileRef = D3F4B056B7835E61AB2A8BBB /* WorkspaceView.swift */; };
		E4811DC6C79F82A7AFE93127 /* FirebaseVertexAI in Frameworks */ = {isa = PBXBuildFile; productRef = 7C74C75E621A875259E7DD67 /* FirebaseVertexAI */; };
		E79DE67798252410BE7F0A43 /* FirebaseAuth in Frameworks */ = {isa = PBXBuildFile; productRef = A0F007038952CDBA0B3D1A7D /* FirebaseAuth */; };
		EC2C8ED2F5FAF4581E39AC05 /* FirebaseFirestore in Frameworks */ = {isa = PBXBuildFile; productRef = EDB9790D44F4E8A5BA7AA2F7 /* FirebaseFirestore */; };
		EEAE61D262D50AA2C9C25337 /* AgentServer.swift in Sources */ = {isa = PBXBuildFile; fileRef = 1A26C85B53E7F56A319EB618 /* AgentServer.swift */; };
		F5F63F49AFC565DF64A4C26F /* QuipslyVideoCore in Frameworks */ = {isa = PBXBuildFile; productRef = B30D3EA8F554B06973DEF210 /* QuipslyVideoCore */; };
		F8DDDA19C500F6E969CB665A /* QuipslyMacApp.swift in Sources */ = {isa = PBXBuildFile; fileRef = A50573AE9640D0892E0F71F4 /* QuipslyMacApp.swift */; };
		FD32FD477285520E74973EE5 /* ProfessionalDecisionTimelineView.swift in Sources */ = {isa = PBXBuildFile; fileRef = BAFCF579A967784847F72C5E /* ProfessionalDecisionTimelineView.swift */; };
/* End PBXBuildFile section */

/* Begin PBXFileReference section */
		17A0747BA3E8F7658062A88E /* Episode4CutIntelligenceBoardView.swift */ = {isa = PBXFileReference; lastKnownFileType = sourcecode.swift; path = Episode4CutIntelligenceBoardView.swift; sourceTree = "<group>"; };
		1A26C85B53E7F56A319EB618 /* AgentServer.swift */ = {isa = PBXFileReference; lastKnownFileType = sourcecode.swift; path = AgentServer.swift; sourceTree = "<group>"; };
		1DA9847F6A86C52079F4C9F1 /* MacAudioRoomController.swift */ = {isa = PBXFileReference; lastKnownFileType = sourcecode.swift; path = MacAudioRoomController.swift; sourceTree = "<group>"; };
		21F41F4FA2319A5D7495CF0C /* ShortCreatorQuality.swift */ = {isa = PBXFileReference; lastKnownFileType = sourcecode.swift; path = ShortCreatorQuality.swift; sourceTree = "<group>"; };
		25A7C2D5D8974C79EDE7F375 /* QuipslyiOS.app */ = {isa = PBXFileReference; includeInIndex = 0; lastKnownFileType = wrapper.application; path = QuipslyiOS.app; sourceTree = BUILT_PRODUCTS_DIR; };
		3315ACD42976DE388399833D /* ShortsRecipeRepairProofPanel.swift */ = {isa = PBXFileReference; lastKnownFileType = sourcecode.swift; path = ShortsRecipeRepairProofPanel.swift; sourceTree = "<group>"; };
		39245425D6374B5E32BFC281 /* TimelineEditorView.swift */ = {isa = PBXFileReference; lastKnownFileType = sourcecode.swift; path = TimelineEditorView.swift; sourceTree = "<group>"; };
		424FC79127149FCAD010AAAE /* RightSidebarView.swift */ = {isa = PBXFileReference; lastKnownFileType = sourcecode.swift; path = RightSidebarView.swift; sourceTree = "<group>"; };
		465717544D3420F30274BCC3 /* QuipslyVideoCore */ = {isa = PBXFileReference; lastKnownFileType = folder; name = QuipslyVideoCore; path = Sources/QuipslyVideoCore; sourceTree = SOURCE_ROOT; };
		511429179AF61AC9018DB385 /* EpisodeCaptureSetupView.swift */ = {isa = PBXFileReference; lastKnownFileType = sourcecode.swift; path = EpisodeCaptureSetupView.swift; sourceTree = "<group>"; };
		5ADCF44A870C4546F2BDF83D /* NativeTransportControls.swift */ = {isa = PBXFileReference; lastKnownFileType = sourcecode.swift; path = NativeTransportControls.swift; sourceTree = "<group>"; };
		6CFC18BAF1EAC8031F92AA69 /* ShortsRefinementQueuePanel.swift */ = {isa = PBXFileReference; lastKnownFileType = sourcecode.swift; path = ShortsRefinementQueuePanel.swift; sourceTree = "<group>"; };
		76EBABDDD4253CD4CC3535F7 /* AudioRoomCommandRouter.swift */ = {isa = PBXFileReference; lastKnownFileType = sourcecode.swift; path = AudioRoomCommandRouter.swift; sourceTree = "<group>"; };
		85155FDE1F47C53C01D2DCEC /* QuipslyiOSApp.swift */ = {isa = PBXFileReference; lastKnownFileType = sourcecode.swift; path = QuipslyiOSApp.swift; sourceTree = "<group>"; };
		9579A4F5DF5D9EA12BFB67DF /* SourceAwareAudioWorkbenchPanel.swift */ = {isa = PBXFileReference; lastKnownFileType = sourcecode.swift; path = SourceAwareAudioWorkbenchPanel.swift; sourceTree = "<group>"; };
		9A460FF7FBCC077EA753487B /* ExternalMediaAccess.swift */ = {isa = PBXFileReference; lastKnownFileType = sourcecode.swift; path = ExternalMediaAccess.swift; sourceTree = "<group>"; };
		9F441C776F811BFB75CC7CC5 /* QuipslyMac.app */ = {isa = PBXFileReference; explicitFileType = wrapper.application; includeInIndex = 0; path = QuipslyMac.app; sourceTree = BUILT_PRODUCTS_DIR; };
		A50573AE9640D0892E0F71F4 /* QuipslyMacApp.swift */ = {isa = PBXFileReference; lastKnownFileType = sourcecode.swift; path = QuipslyMacApp.swift; sourceTree = "<group>"; };
		B2FBFFB0A63C5C2C402A1D59 /* WaveformView.swift */ = {isa = PBXFileReference; lastKnownFileType = sourcecode.swift; path = WaveformView.swift; sourceTree = "<group>"; };
		B58E53B06D44AC3CA4E0338F /* InspectorSidebarView.swift */ = {isa = PBXFileReference; lastKnownFileType = sourcecode.swift; path = InspectorSidebarView.swift; sourceTree = "<group>"; };
		BAFCF579A967784847F72C5E /* ProfessionalDecisionTimelineView.swift */ = {isa = PBXFileReference; lastKnownFileType = sourcecode.swift; path = ProfessionalDecisionTimelineView.swift; sourceTree = "<group>"; };
		C133C1F743D90A328814DCAD /* ShortsTranscriptConfidencePanel.swift */ = {isa = PBXFileReference; lastKnownFileType = sourcecode.swift; path = ShortsTranscriptConfidencePanel.swift; sourceTree = "<group>"; };
		C6DB451F15CEDA1D550460AD /* QuipslyNativeAccount.swift */ = {isa = PBXFileReference; lastKnownFileType = sourcecode.swift; path = QuipslyNativeAccount.swift; sourceTree = "<group>"; };
		D31732569DB6E494F1F66872 /* AudioDetailAnalysis.swift */ = {isa = PBXFileReference; lastKnownFileType = sourcecode.swift; path = AudioDetailAnalysis.swift; sourceTree = "<group>"; };
		D3F4B056B7835E61AB2A8BBB /* WorkspaceView.swift */ = {isa = PBXFileReference; lastKnownFileType = sourcecode.swift; path = WorkspaceView.swift; sourceTree = "<group>"; };
		FB43B2DABEA30F30FCB92FBF /* ShortsReviewBriefPanel.swift */ = {isa = PBXFileReference; lastKnownFileType = sourcecode.swift; path = ShortsReviewBriefPanel.swift; sourceTree = "<group>"; };
/* End PBXFileReference section */

/* Begin PBXFrameworksBuildPhase section */
		5BF8B4AAD745B4E9007760A3 /* Frameworks */ = {
			isa = PBXFrameworksBuildPhase;
			buildActionMask = 2147483647;
			files = (
				2EC6E74686F72FC44DBBF199 /* QuipslyVideoCore in Frameworks */,
				B7AA63B0A029E59FDFC0460A /* FirebaseFirestore in Frameworks */,
				79DDF6787B938B8CFF7A41A6 /* FirebaseAuth in Frameworks */,
				E4811DC6C79F82A7AFE93127 /* FirebaseVertexAI in Frameworks */,
				2DE22552745CFCCFBE730E10 /* LiveKit in Frameworks */,
			);
			runOnlyForDeploymentPostprocessing = 0;
		};
		733B59AC52BC486FE7AF93F4 /* Frameworks */ = {
			isa = PBXFrameworksBuildPhase;
			buildActionMask = 2147483647;
			files = (
				F5F63F49AFC565DF64A4C26F /* QuipslyVideoCore in Frameworks */,
				EC2C8ED2F5FAF4581E39AC05 /* FirebaseFirestore in Frameworks */,
				E79DE67798252410BE7F0A43 /* FirebaseAuth in Frameworks */,
				A05CBA3EE6AEF91FF5A9A6FC /* FirebaseVertexAI in Frameworks */,
			);
			runOnlyForDeploymentPostprocessing = 0;
		};
/* End PBXFrameworksBuildPhase section */

/* Begin PBXGroup section */
		4B3AE869F1CA229A9E23F1FF /* QuipslyMac */ = {
			isa = PBXGroup;
			children = (
				511429179AF61AC9018DB385 /* EpisodeCaptureSetupView.swift */,
				1DA9847F6A86C52079F4C9F1 /* MacAudioRoomController.swift */,
				A50573AE9640D0892E0F71F4 /* QuipslyMacApp.swift */,
			);
			name = QuipslyMac;
			path = Sources/QuipslyMac;
			sourceTree = "<group>";
		};
		5B21D6CBD90F43697E852A2D = {
			isa = PBXGroup;
			children = (
				D2A7667DAF3583F9F3FBB6F2 /* Packages */,
				A2555D29324CA794774806D7 /* QuipslyiOS */,
				4B3AE869F1CA229A9E23F1FF /* QuipslyMac */,
				ED04A5BE37005F7108070687 /* SharedUI */,
				825B1644E1579F41E59B62D8 /* Products */,
			);
			sourceTree = "<group>";
		};
		825B1644E1579F41E59B62D8 /* Products */ = {
			isa = PBXGroup;
			children = (
				25A7C2D5D8974C79EDE7F375 /* QuipslyiOS.app */,
				9F441C776F811BFB75CC7CC5 /* QuipslyMac.app */,
			);
			name = Products;
			sourceTree = "<group>";
		};
		A2555D29324CA794774806D7 /* QuipslyiOS */ = {
			isa = PBXGroup;
			children = (
				85155FDE1F47C53C01D2DCEC /* QuipslyiOSApp.swift */,
			);
			name = QuipslyiOS;
			path = Sources/QuipslyiOS;
			sourceTree = "<group>";
		};
		D2A7667DAF3583F9F3FBB6F2 /* Packages */ = {
			isa = PBXGroup;
			children = (
				465717544D3420F30274BCC3 /* QuipslyVideoCore */,
			);
			name = Packages;
			sourceTree = "<group>";
		};
		ED04A5BE37005F7108070687 /* SharedUI */ = {
			isa = PBXGroup;
			children = (
				1A26C85B53E7F56A319EB618 /* AgentServer.swift */,
				D31732569DB6E494F1F66872 /* AudioDetailAnalysis.swift */,
				76EBABDDD4253CD4CC3535F7 /* AudioRoomCommandRouter.swift */,
				17A0747BA3E8F7658062A88E /* Episode4CutIntelligenceBoardView.swift */,
				9A460FF7FBCC077EA753487B /* ExternalMediaAccess.swift */,
				B58E53B06D44AC3CA4E0338F /* InspectorSidebarView.swift */,
				5ADCF44A870C4546F2BDF83D /* NativeTransportControls.swift */,
				BAFCF579A967784847F72C5E /* ProfessionalDecisionTimelineView.swift */,
				C6DB451F15CEDA1D550460AD /* QuipslyNativeAccount.swift */,
				424FC79127149FCAD010AAAE /* RightSidebarView.swift */,
				21F41F4FA2319A5D7495CF0C /* ShortCreatorQuality.swift */,
				3315ACD42976DE388399833D /* ShortsRecipeRepairProofPanel.swift */,
				6CFC18BAF1EAC8031F92AA69 /* ShortsRefinementQueuePanel.swift */,
				FB43B2DABEA30F30FCB92FBF /* ShortsReviewBriefPanel.swift */,
				C133C1F743D90A328814DCAD /* ShortsTranscriptConfidencePanel.swift */,
				9579A4F5DF5D9EA12BFB67DF /* SourceAwareAudioWorkbenchPanel.swift */,
				39245425D6374B5E32BFC281 /* TimelineEditorView.swift */,
				B2FBFFB0A63C5C2C402A1D59 /* WaveformView.swift */,
				D3F4B056B7835E61AB2A8BBB /* WorkspaceView.swift */,
			);
			name = SharedUI;
			path = Sources/SharedUI;
			sourceTree = "<group>";
		};
/* End PBXGroup section */

/* Begin PBXNativeTarget section */
		076429C1C9536643A6AC5E18 /* QuipslyMac */ = {
			isa = PBXNativeTarget;
			buildConfigurationList = A0FDDE7400A79B7F3BBBE196 /* Build configuration list for PBXNativeTarget "QuipslyMac" */;
			buildPhases = (
				7AE1D7975B4884EAD2427F84 /* Sources */,
				5BF8B4AAD745B4E9007760A3 /* Frameworks */,
			);
			buildRules = (
			);
			dependencies = (
			);
			name = QuipslyMac;
			packageProductDependencies = (
				82FC6A3071DA78D17DE1ABE9 /* QuipslyVideoCore */,
				C763722EE9E903C33A75FD6E /* FirebaseFirestore */,
				19CB3C3C1BA8DA49B6467712 /* FirebaseAuth */,
				7C74C75E621A875259E7DD67 /* FirebaseVertexAI */,
				DDA39FABAA474D725D779E30 /* LiveKit */,
			);
			productName = QuipslyMac;
			productReference = 9F441C776F811BFB75CC7CC5 /* QuipslyMac.app */;
			productType = "com.apple.product-type.application";
		};
		A7EF46111DAAEAFDFF40F73E /* QuipslyiOS */ = {
			isa = PBXNativeTarget;
			buildConfigurationList = A0F52A014C8F99EDAF77668D /* Build configuration list for PBXNativeTarget "QuipslyiOS" */;
			buildPhases = (
				CE02A2A2922C3624E24562F6 /* Sources */,
				733B59AC52BC486FE7AF93F4 /* Frameworks */,
			);
			buildRules = (
			);
			dependencies = (
			);
			name = QuipslyiOS;
			packageProductDependencies = (
				B30D3EA8F554B06973DEF210 /* QuipslyVideoCore */,
				EDB9790D44F4E8A5BA7AA2F7 /* FirebaseFirestore */,
				A0F007038952CDBA0B3D1A7D /* FirebaseAuth */,
				06726C116455D611844E7EA6 /* FirebaseVertexAI */,
			);
			productName = QuipslyiOS;
			productReference = 25A7C2D5D8974C79EDE7F375 /* QuipslyiOS.app */;
			productType = "com.apple.product-type.application";
		};
/* End PBXNativeTarget section */

/* Begin PBXProject section */
		CFB12558AC1829E13BEEA60A /* Project object */ = {
			isa = PBXProject;
			attributes = {
				BuildIndependentTargetsInParallel = YES;
				LastUpgradeCheck = 1430;
				TargetAttributes = {
				};
			};
			buildConfigurationList = 47ADF73DCFD20C1D70DD4DFA /* Build configuration list for PBXProject "QuipslyStudio" */;
			developmentRegion = en;
			hasScannedForEncodings = 0;
			knownRegions = (
				Base,
				en,
			);
			mainGroup = 5B21D6CBD90F43697E852A2D;
			minimizedProjectReferenceProxies = 1;
			packageReferences = (
				FD41C7DE82DDCCBAE87A99D7 /* XCRemoteSwiftPackageReference "firebase-ios-sdk" */,
				73FB9B14227ADB4BB8B7C140 /* XCRemoteSwiftPackageReference "client-sdk-swift-xcframework" */,
				2F72EE8575739B6A6C05E6F9 /* XCLocalSwiftPackageReference "Sources/QuipslyVideoCore" */,
			);
			preferredProjectObjectVersion = 77;
			productRefGroup = 825B1644E1579F41E59B62D8 /* Products */;
			projectDirPath = "";
			projectRoot = "";
			targets = (
				076429C1C9536643A6AC5E18 /* QuipslyMac */,
				A7EF46111DAAEAFDFF40F73E /* QuipslyiOS */,
			);
		};
/* End PBXProject section */

/* Begin PBXSourcesBuildPhase section */
		7AE1D7975B4884EAD2427F84 /* Sources */ = {
			isa = PBXSourcesBuildPhase;
			buildActionMask = 2147483647;
			files = (
				EEAE61D262D50AA2C9C25337 /* AgentServer.swift in Sources */,
				60E095898C3519A9223E6C0F /* AudioDetailAnalysis.swift in Sources */,
				2019552FF64725B1D459CA80 /* AudioRoomCommandRouter.swift in Sources */,
				C3A5B6D5E9694674D8D7613E /* Episode4CutIntelligenceBoardView.swift in Sources */,
				BB83C5C675E2F786C5B650BF /* EpisodeCaptureSetupView.swift in Sources */,
				5017CEF4F2B29AE676DC557F /* ExternalMediaAccess.swift in Sources */,
				B1ADD30CA80428D8E1800D93 /* InspectorSidebarView.swift in Sources */,
				B0B8A3A87191FF6BFDBA519A /* MacAudioRoomController.swift in Sources */,
				57474812238A64135269AFB5 /* NativeTransportControls.swift in Sources */,
				697410343FE5BB9BCC5AB84C /* ProfessionalDecisionTimelineView.swift in Sources */,
				F8DDDA19C500F6E969CB665A /* QuipslyMacApp.swift in Sources */,
				82E400A3ED5C0DB696513B8B /* QuipslyNativeAccount.swift in Sources */,
				46FDB464AEEFD6D987EE0FD3 /* RightSidebarView.swift in Sources */,
				8672145C65A54107AE1FCED7 /* ShortCreatorQuality.swift in Sources */,
				13AFFB028ED0F260950C1411 /* ShortsRecipeRepairProofPanel.swift in Sources */,
				960EF1446E78CE596A305533 /* ShortsRefinementQueuePanel.swift in Sources */,
				9C8436F8FFA187064C699F73 /* ShortsReviewBriefPanel.swift in Sources */,
				9022C305E11566F3BBCDCC9E /* ShortsTranscriptConfidencePanel.swift in Sources */,
				3D6266363D9824F232079003 /* SourceAwareAudioWorkbenchPanel.swift in Sources */,
				580B69FFE4E356A63F3A7051 /* TimelineEditorView.swift in Sources */,
				3DE00817AE3CD53AF1EF5BD5 /* WaveformView.swift in Sources */,
				E06430020ADD65C910243626 /* WorkspaceView.swift in Sources */,
			);
			runOnlyForDeploymentPostprocessing = 0;
		};
		CE02A2A2922C3624E24562F6 /* Sources */ = {
			isa = PBXSourcesBuildPhase;
			buildActionMask = 2147483647;
			files = (
				150103483E1B28D556776A44 /* AgentServer.swift in Sources */,
				D50913AD2A67213F6A589BFF /* AudioDetailAnalysis.swift in Sources */,
				2F41D9F270FD16EBABBAA2BB /* AudioRoomCommandRouter.swift in Sources */,
				BCEBABA86C6286052246204F /* Episode4CutIntelligenceBoardView.swift in Sources */,
				8C0D12FB4B3F44C3DF18F2BB /* ExternalMediaAccess.swift in Sources */,
				3E7A257B3B98B51EA06E6638 /* InspectorSidebarView.swift in Sources */,
				C2AA9B2D7199669BD60CB271 /* NativeTransportControls.swift in Sources */,
				FD32FD477285520E74973EE5 /* ProfessionalDecisionTimelineView.swift in Sources */,
				5C0D3233F037AAB54E120B15 /* QuipslyNativeAccount.swift in Sources */,
				CF078A8FE82B03F059F8E163 /* QuipslyiOSApp.swift in Sources */,
				CA02A5E593D8D0DFDCF95226 /* RightSidebarView.swift in Sources */,
				C0C7429F0AF550FBDA4C9309 /* ShortCreatorQuality.swift in Sources */,
				44C9485B3342C8629EA61576 /* ShortsRecipeRepairProofPanel.swift in Sources */,
				D8CDB44DC5BA78C7AF91D5C2 /* ShortsRefinementQueuePanel.swift in Sources */,
				45218FE4E79377301B9D069F /* ShortsReviewBriefPanel.swift in Sources */,
				32A762DF02FD8F0A4317F8C0 /* ShortsTranscriptConfidencePanel.swift in Sources */,
				20A2D594BBBBEC7CFAD0CC63 /* SourceAwareAudioWorkbenchPanel.swift in Sources */,
				37FBF8A65EDC8E0F31D2E9A0 /* TimelineEditorView.swift in Sources */,
				9DF4F9D27ED4B81ECDAAF57B /* WaveformView.swift in Sources */,
				2ACB80CA311E3D0E863029B8 /* WorkspaceView.swift in Sources */,
			);
			runOnlyForDeploymentPostprocessing = 0;
		};
/* End PBXSourcesBuildPhase section */

/* Begin XCBuildConfiguration section */
		134172069D38BB15873C4136 /* Release */ = {
			isa = XCBuildConfiguration;
			buildSettings = {
				ASSETCATALOG_COMPILER_APPICON_NAME = AppIcon;
				CODE_SIGN_IDENTITY = "iPhone Developer";
				GENERATE_INFOPLIST_FILE = YES;
				IPHONEOS_DEPLOYMENT_TARGET = 26.0;
				LD_RUNPATH_SEARCH_PATHS = (
					"$(inherited)",
					"@executable_path/Frameworks",
				);
				PRODUCT_BUNDLE_IDENTIFIER = com.highground.QuipslyiOS;
				SDKROOT = iphoneos;
				SWIFT_VERSION = 5.9;
				TARGETED_DEVICE_FAMILY = "1,2";
			};
			name = Release;
		};
		9C34A93781A27A8BAE1F212E /* Debug */ = {
			isa = XCBuildConfiguration;
			buildSettings = {
				ALWAYS_SEARCH_USER_PATHS = NO;
				CLANG_ANALYZER_NONNULL = YES;
				CLANG_ANALYZER_NUMBER_OBJECT_CONVERSION = YES_AGGRESSIVE;
				CLANG_CXX_LANGUAGE_STANDARD = "gnu++14";
				CLANG_CXX_LIBRARY = "libc++";
				CLANG_ENABLE_MODULES = YES;
				CLANG_ENABLE_OBJC_ARC = YES;
				CLANG_ENABLE_OBJC_WEAK = YES;
				CLANG_WARN_BLOCK_CAPTURE_AUTORELEASING = YES;
				CLANG_WARN_BOOL_CONVERSION = YES;
				CLANG_WARN_COMMA = YES;
				CLANG_WARN_CONSTANT_CONVERSION = YES;
				CLANG_WARN_DEPRECATED_OBJC_IMPLEMENTATIONS = YES;
				CLANG_WARN_DIRECT_OBJC_ISA_USAGE = YES_ERROR;
				CLANG_WARN_DOCUMENTATION_COMMENTS = YES;
				CLANG_WARN_EMPTY_BODY = YES;
				CLANG_WARN_ENUM_CONVERSION = YES;
				CLANG_WARN_INFINITE_RECURSION = YES;
				CLANG_WARN_INT_CONVERSION = YES;
				CLANG_WARN_NON_LITERAL_NULL_CONVERSION = YES;
				CLANG_WARN_OBJC_IMPLICIT_RETAIN_SELF = YES;
				CLANG_WARN_OBJC_LITERAL_CONVERSION = YES;
				CLANG_WARN_OBJC_ROOT_CLASS = YES_ERROR;
				CLANG_WARN_QUOTED_INCLUDE_IN_FRAMEWORK_HEADER = YES;
				CLANG_WARN_RANGE_LOOP_ANALYSIS = YES;
				CLANG_WARN_STRICT_PROTOTYPES = YES;
				CLANG_WARN_SUSPICIOUS_MOVE = YES;
				CLANG_WARN_UNGUARDED_AVAILABILITY = YES_AGGRESSIVE;
				CLANG_WARN_UNREACHABLE_CODE = YES;
				CLANG_WARN__DUPLICATE_METHOD_MATCH = YES;
				COPY_PHASE_STRIP = NO;
				DEBUG_INFORMATION_FORMAT = dwarf;
				ENABLE_STRICT_OBJC_MSGSEND = YES;
				ENABLE_TESTABILITY = YES;
				GCC_C_LANGUAGE_STANDARD = gnu11;
				GCC_DYNAMIC_NO_PIC = NO;
				GCC_NO_COMMON_BLOCKS = YES;
				GCC_OPTIMIZATION_LEVEL = 0;
				GCC_PREPROCESSOR_DEFINITIONS = (
					"$(inherited)",
					"DEBUG=1",
				);
				GCC_WARN_64_TO_32_BIT_CONVERSION = YES;
				GCC_WARN_ABOUT_RETURN_TYPE = YES_ERROR;
				GCC_WARN_UNDECLARED_SELECTOR = YES;
				GCC_WARN_UNINITIALIZED_AUTOS = YES_AGGRESSIVE;
				GCC_WARN_UNUSED_FUNCTION = YES;
				GCC_WARN_UNUSED_VARIABLE = YES;
				MTL_ENABLE_DEBUG_INFO = INCLUDE_SOURCE;
				MTL_FAST_MATH = YES;
				ONLY_ACTIVE_ARCH = YES;
				PRODUCT_NAME = "$(TARGET_NAME)";
				SWIFT_ACTIVE_COMPILATION_CONDITIONS = DEBUG;
				SWIFT_OPTIMIZATION_LEVEL = "-Onone";
				SWIFT_VERSION = 5.0;
			};
			name = Debug;
		};
		A235A1F601ECEEE1C644B27A /* Release */ = {
			isa = XCBuildConfiguration;
			buildSettings = {
				ASSETCATALOG_COMPILER_APPICON_NAME = AppIcon;
				CODE_SIGN_IDENTITY = "Apple Development";
				CODE_SIGN_STYLE = Automatic;
				COMBINE_HIDPI_IMAGES = YES;
				DEVELOPMENT_TEAM = 585GUXMY5M;
				GENERATE_INFOPLIST_FILE = YES;
				INFOPLIST_KEY_CFBundleDisplayName = "Quipsly Studio";
				INFOPLIST_KEY_CFBundleName = "Quipsly Studio";
				INFOPLIST_KEY_NSCameraUsageDescription = "Quipsly Studio uses the camera you explicitly select for episode framing and locally recorded source media.";
				INFOPLIST_KEY_NSCameraUseContinuityCameraDeviceType = YES;
				INFOPLIST_KEY_NSDesktopFolderUsageDescription = "Quipsly Studio can read legacy media or export packets from Desktop when you explicitly grant access.";
				INFOPLIST_KEY_NSDocumentsFolderUsageDescription = "Quipsly Studio can import documents you choose for writing, research, and production work.";
				INFOPLIST_KEY_NSDownloadsFolderUsageDescription = "Quipsly Studio can import downloaded media or research files that you choose.";
				INFOPLIST_KEY_NSMicrophoneUsageDescription = "Quipsly Studio records the microphone you explicitly select as an untouched local episode master and call source.";
				INFOPLIST_KEY_NSPrincipalClass = NSApplication;
				INFOPLIST_KEY_NSRemovableVolumesUsageDescription = "Quipsly Studio needs access to external media drives so it can read originals, build proxies, and export episodes without mutating source files.";
				LD_RUNPATH_SEARCH_PATHS = (
					"$(inherited)",
					"@executable_path/../Frameworks",
				);
				MACOSX_DEPLOYMENT_TARGET = 26.0;
				PRODUCT_BUNDLE_IDENTIFIER = com.highground.QuipslyMac;
				SDKROOT = macosx;
				SWIFT_VERSION = 5.9;
			};
			name = Release;
		};
		CC52ABA4EC6376806DEF974C /* Debug */ = {
			isa = XCBuildConfiguration;
			buildSettings = {
				ASSETCATALOG_COMPILER_APPICON_NAME = AppIcon;
				CODE_SIGN_IDENTITY = "Apple Development";
				CODE_SIGN_STYLE = Automatic;
				COMBINE_HIDPI_IMAGES = YES;
				DEVELOPMENT_TEAM = 585GUXMY5M;
				GENERATE_INFOPLIST_FILE = YES;
				INFOPLIST_KEY_CFBundleDisplayName = "Quipsly Studio";
				INFOPLIST_KEY_CFBundleName = "Quipsly Studio";
				INFOPLIST_KEY_NSCameraUsageDescription = "Quipsly Studio uses the camera you explicitly select for episode framing and locally recorded source media.";
				INFOPLIST_KEY_NSCameraUseContinuityCameraDeviceType = YES;
				INFOPLIST_KEY_NSDesktopFolderUsageDescription = "Quipsly Studio can read legacy media or export packets from Desktop when you explicitly grant access.";
				INFOPLIST_KEY_NSDocumentsFolderUsageDescription = "Quipsly Studio can import documents you choose for writing, research, and production work.";
				INFOPLIST_KEY_NSDownloadsFolderUsageDescription = "Quipsly Studio can import downloaded media or research files that you choose.";
				INFOPLIST_KEY_NSMicrophoneUsageDescription = "Quipsly Studio records the microphone you explicitly select as an untouched local episode master and call source.";
				INFOPLIST_KEY_NSPrincipalClass = NSApplication;
				INFOPLIST_KEY_NSRemovableVolumesUsageDescription = "Quipsly Studio needs access to external media drives so it can read originals, build proxies, and export episodes without mutating source files.";
				LD_RUNPATH_SEARCH_PATHS = (
					"$(inherited)",
					"@executable_path/../Frameworks",
				);
				MACOSX_DEPLOYMENT_TARGET = 26.0;
				PRODUCT_BUNDLE_IDENTIFIER = com.highground.QuipslyMac;
				SDKROOT = macosx;
				SWIFT_VERSION = 5.9;
			};
			name = Debug;
		};
		DA238F7442F0C5FBB5E6F22C /* Release */ = {
			isa = XCBuildConfiguration;
			buildSettings = {
				ALWAYS_SEARCH_USER_PATHS = NO;
				CLANG_ANALYZER_NONNULL = YES;
				CLANG_ANALYZER_NUMBER_OBJECT_CONVERSION = YES_AGGRESSIVE;
				CLANG_CXX_LANGUAGE_STANDARD = "gnu++14";
				CLANG_CXX_LIBRARY = "libc++";
				CLANG_ENABLE_MODULES = YES;
				CLANG_ENABLE_OBJC_ARC = YES;
				CLANG_ENABLE_OBJC_WEAK = YES;
				CLANG_WARN_BLOCK_CAPTURE_AUTORELEASING = YES;
				CLANG_WARN_BOOL_CONVERSION = YES;
				CLANG_WARN_COMMA = YES;
				CLANG_WARN_CONSTANT_CONVERSION = YES;
				CLANG_WARN_DEPRECATED_OBJC_IMPLEMENTATIONS = YES;
				CLANG_WARN_DIRECT_OBJC_ISA_USAGE = YES_ERROR;
				CLANG_WARN_DOCUMENTATION_COMMENTS = YES;
				CLANG_WARN_EMPTY_BODY = YES;
				CLANG_WARN_ENUM_CONVERSION = YES;
				CLANG_WARN_INFINITE_RECURSION = YES;
				CLANG_WARN_INT_CONVERSION = YES;
				CLANG_WARN_NON_LITERAL_NULL_CONVERSION = YES;
				CLANG_WARN_OBJC_IMPLICIT_RETAIN_SELF = YES;
				CLANG_WARN_OBJC_LITERAL_CONVERSION = YES;
				CLANG_WARN_OBJC_ROOT_CLASS = YES_ERROR;
				CLANG_WARN_QUOTED_INCLUDE_IN_FRAMEWORK_HEADER = YES;
				CLANG_WARN_RANGE_LOOP_ANALYSIS = YES;
				CLANG_WARN_STRICT_PROTOTYPES = YES;
				CLANG_WARN_SUSPICIOUS_MOVE = YES;
				CLANG_WARN_UNGUARDED_AVAILABILITY = YES_AGGRESSIVE;
				CLANG_WARN_UNREACHABLE_CODE = YES;
				CLANG_WARN__DUPLICATE_METHOD_MATCH = YES;
				COPY_PHASE_STRIP = NO;
				DEBUG_INFORMATION_FORMAT = "dwarf-with-dsym";
				ENABLE_NS_ASSERTIONS = NO;
				ENABLE_STRICT_OBJC_MSGSEND = YES;
				GCC_C_LANGUAGE_STANDARD = gnu11;
				GCC_NO_COMMON_BLOCKS = YES;
				GCC_WARN_64_TO_32_BIT_CONVERSION = YES;
				GCC_WARN_ABOUT_RETURN_TYPE = YES_ERROR;
				GCC_WARN_UNDECLARED_SELECTOR = YES;
				GCC_WARN_UNINITIALIZED_AUTOS = YES_AGGRESSIVE;
				GCC_WARN_UNUSED_FUNCTION = YES;
				GCC_WARN_UNUSED_VARIABLE = YES;
				MTL_ENABLE_DEBUG_INFO = NO;
				MTL_FAST_MATH = YES;
				PRODUCT_NAME = "$(TARGET_NAME)";
				SWIFT_COMPILATION_MODE = wholemodule;
				SWIFT_OPTIMIZATION_LEVEL = "-O";
				SWIFT_VERSION = 5.0;
			};
			name = Release;
		};
		EF08064307450DB98B7C1599 /* Debug */ = {
			isa = XCBuildConfiguration;
			buildSettings = {
				ASSETCATALOG_COMPILER_APPICON_NAME = AppIcon;
				CODE_SIGN_IDENTITY = "iPhone Developer";
				GENERATE_INFOPLIST_FILE = YES;
				IPHONEOS_DEPLOYMENT_TARGET = 26.0;
				LD_RUNPATH_SEARCH_PATHS = (
					"$(inherited)",
					"@executable_path/Frameworks",
				);
				PRODUCT_BUNDLE_IDENTIFIER = com.highground.QuipslyiOS;
				SDKROOT = iphoneos;
				SWIFT_VERSION = 5.9;
				TARGETED_DEVICE_FAMILY = "1,2";
			};
			name = Debug;
		};
/* End XCBuildConfiguration section */

/* Begin XCConfigurationList section */
		47ADF73DCFD20C1D70DD4DFA /* Build configuration list for PBXProject "QuipslyStudio" */ = {
			isa = XCConfigurationList;
			buildConfigurations = (
				9C34A93781A27A8BAE1F212E /* Debug */,
				DA238F7442F0C5FBB5E6F22C /* Release */,
			);
			defaultConfigurationIsVisible = 0;
			defaultConfigurationName = Debug;
		};
		A0F52A014C8F99EDAF77668D /* Build configuration list for PBXNativeTarget "QuipslyiOS" */ = {
			isa = XCConfigurationList;
			buildConfigurations = (
				EF08064307450DB98B7C1599 /* Debug */,
				134172069D38BB15873C4136 /* Release */,
			);
			defaultConfigurationIsVisible = 0;
			defaultConfigurationName = Debug;
		};
		A0FDDE7400A79B7F3BBBE196 /* Build configuration list for PBXNativeTarget "QuipslyMac" */ = {
			isa = XCConfigurationList;
			buildConfigurations = (
				CC52ABA4EC6376806DEF974C /* Debug */,
				A235A1F601ECEEE1C644B27A /* Release */,
			);
			defaultConfigurationIsVisible = 0;
			defaultConfigurationName = Debug;
		};
/* End XCConfigurationList section */

/* Begin XCLocalSwiftPackageReference section */
		2F72EE8575739B6A6C05E6F9 /* XCLocalSwiftPackageReference "Sources/QuipslyVideoCore" */ = {
			isa = XCLocalSwiftPackageReference;
			relativePath = Sources/QuipslyVideoCore;
		};
/* End XCLocalSwiftPackageReference section */

/* Begin XCRemoteSwiftPackageReference section */
		73FB9B14227ADB4BB8B7C140 /* XCRemoteSwiftPackageReference "client-sdk-swift-xcframework" */ = {
			isa = XCRemoteSwiftPackageReference;
			repositoryURL = "https://github.com/livekit/client-sdk-swift-xcframework.git";
			requirement = {
				kind = exactVersion;
				version = 2.15.1;
			};
		};
		FD41C7DE82DDCCBAE87A99D7 /* XCRemoteSwiftPackageReference "firebase-ios-sdk" */ = {
			isa = XCRemoteSwiftPackageReference;
			repositoryURL = "https://github.com/firebase/firebase-ios-sdk";
			requirement = {
				kind = upToNextMajorVersion;
				minimumVersion = 11.0.0;
			};
		};
/* End XCRemoteSwiftPackageReference section */

/* Begin XCSwiftPackageProductDependency section */
		06726C116455D611844E7EA6 /* FirebaseVertexAI */ = {
			isa = XCSwiftPackageProductDependency;
			package = FD41C7DE82DDCCBAE87A99D7 /* XCRemoteSwiftPackageReference "firebase-ios-sdk" */;
			productName = FirebaseVertexAI;
		};
		19CB3C3C1BA8DA49B6467712 /* FirebaseAuth */ = {
			isa = XCSwiftPackageProductDependency;
			package = FD41C7DE82DDCCBAE87A99D7 /* XCRemoteSwiftPackageReference "firebase-ios-sdk" */;
			productName = FirebaseAuth;
		};
		7C74C75E621A875259E7DD67 /* FirebaseVertexAI */ = {
			isa = XCSwiftPackageProductDependency;
			package = FD41C7DE82DDCCBAE87A99D7 /* XCRemoteSwiftPackageReference "firebase-ios-sdk" */;
			productName = FirebaseVertexAI;
		};
		82FC6A3071DA78D17DE1ABE9 /* QuipslyVideoCore */ = {
			isa = XCSwiftPackageProductDependency;
			productName = QuipslyVideoCore;
		};
		A0F007038952CDBA0B3D1A7D /* FirebaseAuth */ = {
			isa = XCSwiftPackageProductDependency;
			package = FD41C7DE82DDCCBAE87A99D7 /* XCRemoteSwiftPackageReference "firebase-ios-sdk" */;
			productName = FirebaseAuth;
		};
		B30D3EA8F554B06973DEF210 /* QuipslyVideoCore */ = {
			isa = XCSwiftPackageProductDependency;
			productName = QuipslyVideoCore;
		};
		C763722EE9E903C33A75FD6E /* FirebaseFirestore */ = {
			isa = XCSwiftPackageProductDependency;
			package = FD41C7DE82DDCCBAE87A99D7 /* XCRemoteSwiftPackageReference "firebase-ios-sdk" */;
			productName = FirebaseFirestore;
		};
		DDA39FABAA474D725D779E30 /* LiveKit */ = {
			isa = XCSwiftPackageProductDependency;
			package = 73FB9B14227ADB4BB8B7C140 /* XCRemoteSwiftPackageReference "client-sdk-swift-xcframework" */;
			productName = LiveKit;
		};
		EDB9790D44F4E8A5BA7AA2F7 /* FirebaseFirestore */ = {
			isa = XCSwiftPackageProductDependency;
			package = FD41C7DE82DDCCBAE87A99D7 /* XCRemoteSwiftPackageReference "firebase-ios-sdk" */;
			productName = FirebaseFirestore;
		};
/* End XCSwiftPackageProductDependency section */
	};
	rootObject = CFB12558AC1829E13BEEA60A /* Project object */;
}
