// !$*UTF8*$!
{
	archiveVersion = 1;
	classes = {
	};
	objectVersion = 77;
	objects = {

/* Begin PBXBuildFile section */
		0673E32F1E2AE16C7B1C38DE /* QuipslyVideoCore in Frameworks */ = {isa = PBXBuildFile; productRef = 810FF3E457F3D6A637E6C7CA /* QuipslyVideoCore */; };
		1FA6F57F31AC323CC3E3A6E1 /* TimelineEditorView.swift in Sources */ = {isa = PBXBuildFile; fileRef = 35DA2E0E4CD4A1D17C9AD9FD /* TimelineEditorView.swift */; };
		637F1F660FEC5610BE3F4FED /* WorkspaceUITests.swift in Sources */ = {isa = PBXBuildFile; fileRef = 5DCF366A2F442CD9C1EA11F5 /* WorkspaceUITests.swift */; };
		6CF9D72180F6EF66419A877E /* QuipslyVideoApp.swift in Sources */ = {isa = PBXBuildFile; fileRef = 6E742F111BBFDBF8B47983D1 /* QuipslyVideoApp.swift */; };
		80F5C640E1255E98A2FCD590 /* NativeTransportControls.swift in Sources */ = {isa = PBXBuildFile; fileRef = FF20CCF7238CBF7716013AD9 /* NativeTransportControls.swift */; };
		9B86EE138CDE5E96D2D58871 /* WorkspaceView.swift in Sources */ = {isa = PBXBuildFile; fileRef = E57B3FBE9C51E79288049586 /* WorkspaceView.swift */; };
		CCE5A6B22F9F709F9511A674 /* QuipslyVideoApp.swift in Sources */ = {isa = PBXBuildFile; fileRef = 0715F59DC160C4196DD9BB2A /* QuipslyVideoApp.swift */; };
		D1D84DBB0AC09DDD340857DE /* DualViewers.swift in Sources */ = {isa = PBXBuildFile; fileRef = 0B6F7BF45A157C507A7F75B6 /* DualViewers.swift */; };
		DAAC1467D0D630374853E725 /* QuipslyVideoCore in Frameworks */ = {isa = PBXBuildFile; productRef = D4C2AE0029529C4CB8B2491D /* QuipslyVideoCore */; };
/* End PBXBuildFile section */

/* Begin PBXContainerItemProxy section */
		6EE78675B674460C1DBA8EF2 /* PBXContainerItemProxy */ = {
			isa = PBXContainerItemProxy;
			containerPortal = EF6F02AACFDB6600BA963B3E /* Project object */;
			proxyType = 1;
			remoteGlobalIDString = 342DF017C3437378A1204D68;
			remoteInfo = QuipslyVideoMac;
		};
/* End PBXContainerItemProxy section */

/* Begin PBXFileReference section */
		0715F59DC160C4196DD9BB2A /* QuipslyVideoApp.swift */ = {isa = PBXFileReference; lastKnownFileType = sourcecode.swift; path = QuipslyVideoApp.swift; sourceTree = "<group>"; };
		0B6F7BF45A157C507A7F75B6 /* DualViewers.swift */ = {isa = PBXFileReference; lastKnownFileType = sourcecode.swift; path = DualViewers.swift; sourceTree = "<group>"; };
		124A5B13041EE3B299D67135 /* QuipslyVideoMac.app */ = {isa = PBXFileReference; explicitFileType = wrapper.application; includeInIndex = 0; path = QuipslyVideoMac.app; sourceTree = BUILT_PRODUCTS_DIR; };
		246751C8350DB76361846742 /* QuipslyVideoMacUITests.xctest */ = {isa = PBXFileReference; explicitFileType = wrapper.cfbundle; includeInIndex = 0; path = QuipslyVideoMacUITests.xctest; sourceTree = BUILT_PRODUCTS_DIR; };
		2680DDDA7CCCF9A575AC50C2 /* QuipslyVideoCore */ = {isa = PBXFileReference; lastKnownFileType = folder; name = QuipslyVideoCore; path = Packages/QuipslyVideoCore; sourceTree = SOURCE_ROOT; };
		35DA2E0E4CD4A1D17C9AD9FD /* TimelineEditorView.swift */ = {isa = PBXFileReference; lastKnownFileType = sourcecode.swift; path = TimelineEditorView.swift; sourceTree = "<group>"; };
		5DCF366A2F442CD9C1EA11F5 /* WorkspaceUITests.swift */ = {isa = PBXFileReference; lastKnownFileType = sourcecode.swift; path = WorkspaceUITests.swift; sourceTree = "<group>"; };
		6E742F111BBFDBF8B47983D1 /* QuipslyVideoApp.swift */ = {isa = PBXFileReference; lastKnownFileType = sourcecode.swift; path = QuipslyVideoApp.swift; sourceTree = "<group>"; };
		B1AC84A6076A6AB8A007FB4B /* QuipslyVideoiOS.app */ = {isa = PBXFileReference; includeInIndex = 0; lastKnownFileType = wrapper.application; path = QuipslyVideoiOS.app; sourceTree = BUILT_PRODUCTS_DIR; };
		E57B3FBE9C51E79288049586 /* WorkspaceView.swift */ = {isa = PBXFileReference; lastKnownFileType = sourcecode.swift; path = WorkspaceView.swift; sourceTree = "<group>"; };
		FF20CCF7238CBF7716013AD9 /* NativeTransportControls.swift */ = {isa = PBXFileReference; lastKnownFileType = sourcecode.swift; path = NativeTransportControls.swift; sourceTree = "<group>"; };
/* End PBXFileReference section */

/* Begin PBXFrameworksBuildPhase section */
		03B49F317BE39455ED9BA518 /* Frameworks */ = {
			isa = PBXFrameworksBuildPhase;
			buildActionMask = 2147483647;
			files = (
				DAAC1467D0D630374853E725 /* QuipslyVideoCore in Frameworks */,
			);
			runOnlyForDeploymentPostprocessing = 0;
		};
		41425B24AA5ABBCFB4795FAF /* Frameworks */ = {
			isa = PBXFrameworksBuildPhase;
			buildActionMask = 2147483647;
			files = (
				0673E32F1E2AE16C7B1C38DE /* QuipslyVideoCore in Frameworks */,
			);
			runOnlyForDeploymentPostprocessing = 0;
		};
/* End PBXFrameworksBuildPhase section */

/* Begin PBXGroup section */
		07211DF93766D96CF556F11F /* QuipslyVideoMacUITests */ = {
			isa = PBXGroup;
			children = (
				5DCF366A2F442CD9C1EA11F5 /* WorkspaceUITests.swift */,
			);
			name = QuipslyVideoMacUITests;
			path = Sources/QuipslyVideoMacUITests;
			sourceTree = "<group>";
		};
		0B5C41D925B31134A09BDCB6 = {
			isa = PBXGroup;
			children = (
				C651C1EBB86B181E6100F25C /* Packages */,
				94A72CE36EC42E6998658471 /* QuipslyVideoiOS */,
				3C82CE40EEB3B0EE67BCAC64 /* QuipslyVideoMac */,
				07211DF93766D96CF556F11F /* QuipslyVideoMacUITests */,
				63C96BCE1EC77BF05BA44034 /* Products */,
			);
			sourceTree = "<group>";
		};
		3C82CE40EEB3B0EE67BCAC64 /* QuipslyVideoMac */ = {
			isa = PBXGroup;
			children = (
				0B6F7BF45A157C507A7F75B6 /* DualViewers.swift */,
				FF20CCF7238CBF7716013AD9 /* NativeTransportControls.swift */,
				0715F59DC160C4196DD9BB2A /* QuipslyVideoApp.swift */,
				35DA2E0E4CD4A1D17C9AD9FD /* TimelineEditorView.swift */,
				E57B3FBE9C51E79288049586 /* WorkspaceView.swift */,
			);
			name = QuipslyVideoMac;
			path = Sources/QuipslyVideoMac;
			sourceTree = "<group>";
		};
		63C96BCE1EC77BF05BA44034 /* Products */ = {
			isa = PBXGroup;
			children = (
				B1AC84A6076A6AB8A007FB4B /* QuipslyVideoiOS.app */,
				124A5B13041EE3B299D67135 /* QuipslyVideoMac.app */,
				246751C8350DB76361846742 /* QuipslyVideoMacUITests.xctest */,
			);
			name = Products;
			sourceTree = "<group>";
		};
		94A72CE36EC42E6998658471 /* QuipslyVideoiOS */ = {
			isa = PBXGroup;
			children = (
				6E742F111BBFDBF8B47983D1 /* QuipslyVideoApp.swift */,
			);
			name = QuipslyVideoiOS;
			path = Sources/QuipslyVideoiOS;
			sourceTree = "<group>";
		};
		C651C1EBB86B181E6100F25C /* Packages */ = {
			isa = PBXGroup;
			children = (
				2680DDDA7CCCF9A575AC50C2 /* QuipslyVideoCore */,
			);
			path = Packages;
			sourceTree = "<group>";
		};
/* End PBXGroup section */

/* Begin PBXNativeTarget section */
		342DF017C3437378A1204D68 /* QuipslyVideoMac */ = {
			isa = PBXNativeTarget;
			buildConfigurationList = E2A43F064D7B05569CEBC067 /* Build configuration list for PBXNativeTarget "QuipslyVideoMac" */;
			buildPhases = (
				A708A72370C518077E140E77 /* Sources */,
				03B49F317BE39455ED9BA518 /* Frameworks */,
			);
			buildRules = (
			);
			dependencies = (
			);
			name = QuipslyVideoMac;
			packageProductDependencies = (
				D4C2AE0029529C4CB8B2491D /* QuipslyVideoCore */,
			);
			productName = QuipslyVideoMac;
			productReference = 124A5B13041EE3B299D67135 /* QuipslyVideoMac.app */;
			productType = "com.apple.product-type.application";
		};
		69D949116FFCF8BB2BE1509F /* QuipslyVideoiOS */ = {
			isa = PBXNativeTarget;
			buildConfigurationList = 3411A3E15FD6817B2293E4A9 /* Build configuration list for PBXNativeTarget "QuipslyVideoiOS" */;
			buildPhases = (
				A58E1D3F256D6D2C82A73648 /* Sources */,
				41425B24AA5ABBCFB4795FAF /* Frameworks */,
			);
			buildRules = (
			);
			dependencies = (
			);
			name = QuipslyVideoiOS;
			packageProductDependencies = (
				810FF3E457F3D6A637E6C7CA /* QuipslyVideoCore */,
			);
			productName = QuipslyVideoiOS;
			productReference = B1AC84A6076A6AB8A007FB4B /* QuipslyVideoiOS.app */;
			productType = "com.apple.product-type.application";
		};
		C902E8B0F8E5236C785E8747 /* QuipslyVideoMacUITests */ = {
			isa = PBXNativeTarget;
			buildConfigurationList = FA57C02DBF8D9878D7219145 /* Build configuration list for PBXNativeTarget "QuipslyVideoMacUITests" */;
			buildPhases = (
				E5ACD616C9D123AC80D5D8D9 /* Sources */,
			);
			buildRules = (
			);
			dependencies = (
				018E1D543B8B43A6F2E6733B /* PBXTargetDependency */,
			);
			name = QuipslyVideoMacUITests;
			packageProductDependencies = (
			);
			productName = QuipslyVideoMacUITests;
			productReference = 246751C8350DB76361846742 /* QuipslyVideoMacUITests.xctest */;
			productType = "com.apple.product-type.bundle.ui-testing";
		};
/* End PBXNativeTarget section */

/* Begin PBXProject section */
		EF6F02AACFDB6600BA963B3E /* Project object */ = {
			isa = PBXProject;
			attributes = {
				BuildIndependentTargetsInParallel = YES;
				LastUpgradeCheck = 1430;
				TargetAttributes = {
					C902E8B0F8E5236C785E8747 = {
						TestTargetID = 342DF017C3437378A1204D68;
					};
				};
			};
			buildConfigurationList = 5A7FB589506256BB6B9A3C12 /* Build configuration list for PBXProject "QuipslyVideoApp" */;
			developmentRegion = en;
			hasScannedForEncodings = 0;
			knownRegions = (
				Base,
				en,
			);
			mainGroup = 0B5C41D925B31134A09BDCB6;
			minimizedProjectReferenceProxies = 1;
			packageReferences = (
				0FFFE9784D79939371059F7D /* XCLocalSwiftPackageReference "Packages/QuipslyVideoCore" */,
			);
			preferredProjectObjectVersion = 77;
			productRefGroup = 63C96BCE1EC77BF05BA44034 /* Products */;
			projectDirPath = "";
			projectRoot = "";
			targets = (
				342DF017C3437378A1204D68 /* QuipslyVideoMac */,
				C902E8B0F8E5236C785E8747 /* QuipslyVideoMacUITests */,
				69D949116FFCF8BB2BE1509F /* QuipslyVideoiOS */,
			);
		};
/* End PBXProject section */

/* Begin PBXSourcesBuildPhase section */
		A58E1D3F256D6D2C82A73648 /* Sources */ = {
			isa = PBXSourcesBuildPhase;
			buildActionMask = 2147483647;
			files = (
				6CF9D72180F6EF66419A877E /* QuipslyVideoApp.swift in Sources */,
			);
			runOnlyForDeploymentPostprocessing = 0;
		};
		A708A72370C518077E140E77 /* Sources */ = {
			isa = PBXSourcesBuildPhase;
			buildActionMask = 2147483647;
			files = (
				D1D84DBB0AC09DDD340857DE /* DualViewers.swift in Sources */,
				80F5C640E1255E98A2FCD590 /* NativeTransportControls.swift in Sources */,
				CCE5A6B22F9F709F9511A674 /* QuipslyVideoApp.swift in Sources */,
				1FA6F57F31AC323CC3E3A6E1 /* TimelineEditorView.swift in Sources */,
				9B86EE138CDE5E96D2D58871 /* WorkspaceView.swift in Sources */,
			);
			runOnlyForDeploymentPostprocessing = 0;
		};
		E5ACD616C9D123AC80D5D8D9 /* Sources */ = {
			isa = PBXSourcesBuildPhase;
			buildActionMask = 2147483647;
			files = (
				637F1F660FEC5610BE3F4FED /* WorkspaceUITests.swift in Sources */,
			);
			runOnlyForDeploymentPostprocessing = 0;
		};
/* End PBXSourcesBuildPhase section */

/* Begin PBXTargetDependency section */
		018E1D543B8B43A6F2E6733B /* PBXTargetDependency */ = {
			isa = PBXTargetDependency;
			target = 342DF017C3437378A1204D68 /* QuipslyVideoMac */;
			targetProxy = 6EE78675B674460C1DBA8EF2 /* PBXContainerItemProxy */;
		};
/* End PBXTargetDependency section */

/* Begin XCBuildConfiguration section */
		30EF0AC7AA009335CA00EC52 /* Debug */ = {
			isa = XCBuildConfiguration;
			buildSettings = {
				ASSETCATALOG_COMPILER_APPICON_NAME = AppIcon;
				CODE_SIGN_IDENTITY = "iPhone Developer";
				GENERATE_INFOPLIST_FILE = YES;
				IPHONEOS_DEPLOYMENT_TARGET = 17.0;
				LD_RUNPATH_SEARCH_PATHS = (
					"$(inherited)",
					"@executable_path/Frameworks",
				);
				PRODUCT_BUNDLE_IDENTIFIER = com.highground.QuipslyVideoiOS;
				SDKROOT = iphoneos;
				SWIFT_VERSION = 5.9;
				TARGETED_DEVICE_FAMILY = "1,2";
			};
			name = Debug;
		};
		5B0B2EF852946730CAB038AB /* Debug */ = {
			isa = XCBuildConfiguration;
			buildSettings = {
				ASSETCATALOG_COMPILER_APPICON_NAME = AppIcon;
				CODE_SIGN_ENTITLEMENTS = QuipslyVideoMac.entitlements;
				COMBINE_HIDPI_IMAGES = YES;
				GENERATE_INFOPLIST_FILE = YES;
				LD_RUNPATH_SEARCH_PATHS = (
					"$(inherited)",
					"@executable_path/../Frameworks",
				);
				MACOSX_DEPLOYMENT_TARGET = 14.0;
				PRODUCT_BUNDLE_IDENTIFIER = com.highground.QuipslyVideoMac;
				SDKROOT = macosx;
				SWIFT_VERSION = 5.9;
			};
			name = Debug;
		};
		8035C246EB19315EB27A865B /* Release */ = {
			isa = XCBuildConfiguration;
			buildSettings = {
				ASSETCATALOG_COMPILER_APPICON_NAME = AppIcon;
				CODE_SIGN_ENTITLEMENTS = QuipslyVideoMac.entitlements;
				COMBINE_HIDPI_IMAGES = YES;
				GENERATE_INFOPLIST_FILE = YES;
				LD_RUNPATH_SEARCH_PATHS = (
					"$(inherited)",
					"@executable_path/../Frameworks",
				);
				MACOSX_DEPLOYMENT_TARGET = 14.0;
				PRODUCT_BUNDLE_IDENTIFIER = com.highground.QuipslyVideoMac;
				SDKROOT = macosx;
				SWIFT_VERSION = 5.9;
			};
			name = Release;
		};
		B4DEA49862F80EC593D49A4C /* Release */ = {
			isa = XCBuildConfiguration;
			buildSettings = {
				BUNDLE_LOADER = "$(TEST_HOST)";
				COMBINE_HIDPI_IMAGES = YES;
				GENERATE_INFOPLIST_FILE = YES;
				LD_RUNPATH_SEARCH_PATHS = (
					"$(inherited)",
					"@executable_path/Frameworks",
					"@loader_path/Frameworks",
				);
				MACOSX_DEPLOYMENT_TARGET = 14.0;
				PRODUCT_BUNDLE_IDENTIFIER = com.highground.QuipslyVideoMacUITests;
				SDKROOT = macosx;
				SWIFT_VERSION = 5.9;
				TEST_TARGET_NAME = QuipslyVideoMac;
			};
			name = Release;
		};
		B5C4653A62DEB65FA5A842EE /* Debug */ = {
			isa = XCBuildConfiguration;
			buildSettings = {
				ALWAYS_SEARCH_USER_PATHS = NO;
				CLANG_ANALYZER_NONNULL = YES;
				CLANG_ANALYZER_NUMBER_OBJECT_CONVERSION = YES_AGGRESSIVE;
				CLANG_CXX_LANGUAGE_STANDARD = "gnu++14";
				CLANG_CXX_LIBRARY = "libc++";
				CLANG_ENABLE_MODULES = YES;
				CLANG_ENABLE_OBJC_ARC = YES;
				CLANG_ENABLE_OBJC_WEAK = YES;
				CLANG_WARN_BLOCK_CAPTURE_AUTORELEASING = YES;
				CLANG_WARN_BOOL_CONVERSION = YES;
				CLANG_WARN_COMMA = YES;
				CLANG_WARN_CONSTANT_CONVERSION = YES;
				CLANG_WARN_DEPRECATED_OBJC_IMPLEMENTATIONS = YES;
				CLANG_WARN_DIRECT_OBJC_ISA_USAGE = YES_ERROR;
				CLANG_WARN_DOCUMENTATION_COMMENTS = YES;
				CLANG_WARN_EMPTY_BODY = YES;
				CLANG_WARN_ENUM_CONVERSION = YES;
				CLANG_WARN_INFINITE_RECURSION = YES;
				CLANG_WARN_INT_CONVERSION = YES;
				CLANG_WARN_NON_LITERAL_NULL_CONVERSION = YES;
				CLANG_WARN_OBJC_IMPLICIT_RETAIN_SELF = YES;
				CLANG_WARN_OBJC_LITERAL_CONVERSION = YES;
				CLANG_WARN_OBJC_ROOT_CLASS = YES_ERROR;
				CLANG_WARN_QUOTED_INCLUDE_IN_FRAMEWORK_HEADER = YES;
				CLANG_WARN_RANGE_LOOP_ANALYSIS = YES;
				CLANG_WARN_STRICT_PROTOTYPES = YES;
				CLANG_WARN_SUSPICIOUS_MOVE = YES;
				CLANG_WARN_UNGUARDED_AVAILABILITY = YES_AGGRESSIVE;
				CLANG_WARN_UNREACHABLE_CODE = YES;
				CLANG_WARN__DUPLICATE_METHOD_MATCH = YES;
				COPY_PHASE_STRIP = NO;
				DEBUG_INFORMATION_FORMAT = dwarf;
				ENABLE_STRICT_OBJC_MSGSEND = YES;
				ENABLE_TESTABILITY = YES;
				GCC_C_LANGUAGE_STANDARD = gnu11;
				GCC_DYNAMIC_NO_PIC = NO;
				GCC_NO_COMMON_BLOCKS = YES;
				GCC_OPTIMIZATION_LEVEL = 0;
				GCC_PREPROCESSOR_DEFINITIONS = (
					"$(inherited)",
					"DEBUG=1",
				);
				GCC_WARN_64_TO_32_BIT_CONVERSION = YES;
				GCC_WARN_ABOUT_RETURN_TYPE = YES_ERROR;
				GCC_WARN_UNDECLARED_SELECTOR = YES;
				GCC_WARN_UNINITIALIZED_AUTOS = YES_AGGRESSIVE;
				GCC_WARN_UNUSED_FUNCTION = YES;
				GCC_WARN_UNUSED_VARIABLE = YES;
				MTL_ENABLE_DEBUG_INFO = INCLUDE_SOURCE;
				MTL_FAST_MATH = YES;
				ONLY_ACTIVE_ARCH = YES;
				PRODUCT_NAME = "$(TARGET_NAME)";
				SWIFT_ACTIVE_COMPILATION_CONDITIONS = DEBUG;
				SWIFT_OPTIMIZATION_LEVEL = "-Onone";
				SWIFT_VERSION = 5.0;
			};
			name = Debug;
		};
		BD7B54741DE27EB5F7117240 /* Release */ = {
			isa = XCBuildConfiguration;
			buildSettings = {
				ASSETCATALOG_COMPILER_APPICON_NAME = AppIcon;
				CODE_SIGN_IDENTITY = "iPhone Developer";
				GENERATE_INFOPLIST_FILE = YES;
				IPHONEOS_DEPLOYMENT_TARGET = 17.0;
				LD_RUNPATH_SEARCH_PATHS = (
					"$(inherited)",
					"@executable_path/Frameworks",
				);
				PRODUCT_BUNDLE_IDENTIFIER = com.highground.QuipslyVideoiOS;
				SDKROOT = iphoneos;
				SWIFT_VERSION = 5.9;
				TARGETED_DEVICE_FAMILY = "1,2";
			};
			name = Release;
		};
		D2837FDF5415C5E2683A2F52 /* Release */ = {
			isa = XCBuildConfiguration;
			buildSettings = {
				ALWAYS_SEARCH_USER_PATHS = NO;
				CLANG_ANALYZER_NONNULL = YES;
				CLANG_ANALYZER_NUMBER_OBJECT_CONVERSION = YES_AGGRESSIVE;
				CLANG_CXX_LANGUAGE_STANDARD = "gnu++14";
				CLANG_CXX_LIBRARY = "libc++";
				CLANG_ENABLE_MODULES = YES;
				CLANG_ENABLE_OBJC_ARC = YES;
				CLANG_ENABLE_OBJC_WEAK = YES;
				CLANG_WARN_BLOCK_CAPTURE_AUTORELEASING = YES;
				CLANG_WARN_BOOL_CONVERSION = YES;
				CLANG_WARN_COMMA = YES;
				CLANG_WARN_CONSTANT_CONVERSION = YES;
				CLANG_WARN_DEPRECATED_OBJC_IMPLEMENTATIONS = YES;
				CLANG_WARN_DIRECT_OBJC_ISA_USAGE = YES_ERROR;
				CLANG_WARN_DOCUMENTATION_COMMENTS = YES;
				CLANG_WARN_EMPTY_BODY = YES;
				CLANG_WARN_ENUM_CONVERSION = YES;
				CLANG_WARN_INFINITE_RECURSION = YES;
				CLANG_WARN_INT_CONVERSION = YES;
				CLANG_WARN_NON_LITERAL_NULL_CONVERSION = YES;
				CLANG_WARN_OBJC_IMPLICIT_RETAIN_SELF = YES;
				CLANG_WARN_OBJC_LITERAL_CONVERSION = YES;
				CLANG_WARN_OBJC_ROOT_CLASS = YES_ERROR;
				CLANG_WARN_QUOTED_INCLUDE_IN_FRAMEWORK_HEADER = YES;
				CLANG_WARN_RANGE_LOOP_ANALYSIS = YES;
				CLANG_WARN_STRICT_PROTOTYPES = YES;
				CLANG_WARN_SUSPICIOUS_MOVE = YES;
				CLANG_WARN_UNGUARDED_AVAILABILITY = YES_AGGRESSIVE;
				CLANG_WARN_UNREACHABLE_CODE = YES;
				CLANG_WARN__DUPLICATE_METHOD_MATCH = YES;
				COPY_PHASE_STRIP = NO;
				DEBUG_INFORMATION_FORMAT = "dwarf-with-dsym";
				ENABLE_NS_ASSERTIONS = NO;
				ENABLE_STRICT_OBJC_MSGSEND = YES;
				GCC_C_LANGUAGE_STANDARD = gnu11;
				GCC_NO_COMMON_BLOCKS = YES;
				GCC_WARN_64_TO_32_BIT_CONVERSION = YES;
				GCC_WARN_ABOUT_RETURN_TYPE = YES_ERROR;
				GCC_WARN_UNDECLARED_SELECTOR = YES;
				GCC_WARN_UNINITIALIZED_AUTOS = YES_AGGRESSIVE;
				GCC_WARN_UNUSED_FUNCTION = YES;
				GCC_WARN_UNUSED_VARIABLE = YES;
				MTL_ENABLE_DEBUG_INFO = NO;
				MTL_FAST_MATH = YES;
				PRODUCT_NAME = "$(TARGET_NAME)";
				SWIFT_COMPILATION_MODE = wholemodule;
				SWIFT_OPTIMIZATION_LEVEL = "-O";
				SWIFT_VERSION = 5.0;
			};
			name = Release;
		};
		DBC1148EC14F870D261B34A6 /* Debug */ = {
			isa = XCBuildConfiguration;
			buildSettings = {
				BUNDLE_LOADER = "$(TEST_HOST)";
				COMBINE_HIDPI_IMAGES = YES;
				GENERATE_INFOPLIST_FILE = YES;
				LD_RUNPATH_SEARCH_PATHS = (
					"$(inherited)",
					"@executable_path/Frameworks",
					"@loader_path/Frameworks",
				);
				MACOSX_DEPLOYMENT_TARGET = 14.0;
				PRODUCT_BUNDLE_IDENTIFIER = com.highground.QuipslyVideoMacUITests;
				SDKROOT = macosx;
				SWIFT_VERSION = 5.9;
				TEST_TARGET_NAME = QuipslyVideoMac;
			};
			name = Debug;
		};
/* End XCBuildConfiguration section */

/* Begin XCConfigurationList section */
		3411A3E15FD6817B2293E4A9 /* Build configuration list for PBXNativeTarget "QuipslyVideoiOS" */ = {
			isa = XCConfigurationList;
			buildConfigurations = (
				30EF0AC7AA009335CA00EC52 /* Debug */,
				BD7B54741DE27EB5F7117240 /* Release */,
			);
			defaultConfigurationIsVisible = 0;
			defaultConfigurationName = Debug;
		};
		5A7FB589506256BB6B9A3C12 /* Build configuration list for PBXProject "QuipslyVideoApp" */ = {
			isa = XCConfigurationList;
			buildConfigurations = (
				B5C4653A62DEB65FA5A842EE /* Debug */,
				D2837FDF5415C5E2683A2F52 /* Release */,
			);
			defaultConfigurationIsVisible = 0;
			defaultConfigurationName = Debug;
		};
		E2A43F064D7B05569CEBC067 /* Build configuration list for PBXNativeTarget "QuipslyVideoMac" */ = {
			isa = XCConfigurationList;
			buildConfigurations = (
				5B0B2EF852946730CAB038AB /* Debug */,
				8035C246EB19315EB27A865B /* Release */,
			);
			defaultConfigurationIsVisible = 0;
			defaultConfigurationName = Debug;
		};
		FA57C02DBF8D9878D7219145 /* Build configuration list for PBXNativeTarget "QuipslyVideoMacUITests" */ = {
			isa = XCConfigurationList;
			buildConfigurations = (
				DBC1148EC14F870D261B34A6 /* Debug */,
				B4DEA49862F80EC593D49A4C /* Release */,
			);
			defaultConfigurationIsVisible = 0;
			defaultConfigurationName = Debug;
		};
/* End XCConfigurationList section */

/* Begin XCLocalSwiftPackageReference section */
		0FFFE9784D79939371059F7D /* XCLocalSwiftPackageReference "Packages/QuipslyVideoCore" */ = {
			isa = XCLocalSwiftPackageReference;
			relativePath = Packages/QuipslyVideoCore;
		};
/* End XCLocalSwiftPackageReference section */

/* Begin XCSwiftPackageProductDependency section */
		810FF3E457F3D6A637E6C7CA /* QuipslyVideoCore */ = {
			isa = XCSwiftPackageProductDependency;
			productName = QuipslyVideoCore;
		};
		D4C2AE0029529C4CB8B2491D /* QuipslyVideoCore */ = {
			isa = XCSwiftPackageProductDependency;
			productName = QuipslyVideoCore;
		};
/* End XCSwiftPackageProductDependency section */
	};
	rootObject = EF6F02AACFDB6600BA963B3E /* Project object */;
}
